
Microsoft Visual Studio Solution File, Format Version 12.00
# Visual Studio Version 16
VisualStudioVersion = 16.0.29827.131
MinimumVisualStudioVersion = 10.0.40219.1
Project("{FAE04EC0-301F-11D3-BF4B-00C04F79EFBC}") = "EFListView.Server", "Server\EFListView.Server.csproj", "{FEA9B5F2-092F-403C-A47C-E9C6FAAE0042}"
EndProject
Project("{FAE04EC0-301F-11D3-BF4B-00C04F79EFBC}") = "EFListView.Client", "Client\EFListView.Client.csproj", "{B7C73615-6155-4338-BF76-EDB22E61CC8F}"
EndProject
Project("{FAE04EC0-301F-11D3-BF4B-00C04F79EFBC}") = "EFListView.Shared", "Shared\EFListView.Shared.csproj", "{04A1DEDF-FA5E-42FB-91F5-6FA53C920040}"
EndProject
Global
	GlobalSection(SolutionConfigurationPlatforms) = preSolution
		Debug|Any CPU = Debug|Any CPU
		Release|Any CPU = Release|Any CPU
	EndGlobalSection
	GlobalSection(ProjectConfigurationPlatforms) = postSolution
		{FEA9B5F2-092F-403C-A47C-E9C6FAAE0042}.Debug|Any CPU.ActiveCfg = Debug|Any CPU
		{FEA9B5F2-092F-403C-A47C-E9C6FAAE0042}.Debug|Any CPU.Build.0 = Debug|Any CPU
		{FEA9B5F2-092F-403C-A47C-E9C6FAAE0042}.Release|Any CPU.ActiveCfg = Release|Any CPU
		{FEA9B5F2-092F-403C-A47C-E9C6FAAE0042}.Release|Any CPU.Build.0 = Release|Any CPU
		{B7C73615-6155-4338-BF76-EDB22E61CC8F}.Debug|Any CPU.ActiveCfg = Debug|Any CPU
		{B7C73615-6155-4338-BF76-EDB22E61CC8F}.Debug|Any CPU.Build.0 = Debug|Any CPU
		{B7C73615-6155-4338-BF76-EDB22E61CC8F}.Release|Any CPU.ActiveCfg = Release|Any CPU
		{B7C73615-6155-4338-BF76-EDB22E61CC8F}.Release|Any CPU.Build.0 = Release|Any CPU
		{04A1DEDF-FA5E-42FB-91F5-6FA53C920040}.Debug|Any CPU.ActiveCfg = Debug|Any CPU
		{04A1DEDF-FA5E-42FB-91F5-6FA53C920040}.Debug|Any CPU.Build.0 = Debug|Any CPU
		{04A1DEDF-FA5E-42FB-91F5-6FA53C920040}.Release|Any CPU.ActiveCfg = Release|Any CPU
		{04A1DEDF-FA5E-42FB-91F5-6FA53C920040}.Release|Any CPU.Build.0 = Release|Any CPU
	EndGlobalSection
	GlobalSection(SolutionProperties) = preSolution
		HideSolutionNode = FALSE
	EndGlobalSection
	GlobalSection(ExtensibilityGlobals) = postSolution
		SolutionGuid = {ECB03578-D46B-43F7-8CB6-AF467273B419}
	EndGlobalSection
EndGlobal
